// !$*UTF8*$!
{
	archiveVersion = 1;
	classes = {
	};
	objectVersion = 46;
	objects = {

/* Begin PBXBuildFile section */
		29477320156BC4EC00006559 /* LoginBrain.m in Sources */ = {isa = PBXBuildFile; fileRef = 2947731F156BC4EC00006559 /* LoginBrain.m */; };
		29477324156BDCC400006559 /* UserAdminViewController.m in Sources */ = {isa = PBXBuildFile; fileRef = 29477323156BDCC400006559 /* UserAdminViewController.m */; };
		2974F943156B34D8006BA54E /* UIKit.framework in Frameworks */ = {isa = PBXBuildFile; fileRef = 2974F942156B34D8006BA54E /* UIKit.framework */; };
		2974F945156B34D8006BA54E /* Foundation.framework in Frameworks */ = {isa = PBXBuildFile; fileRef = 2974F944156B34D8006BA54E /* Foundation.framework */; };
		2974F947156B34D8006BA54E /* CoreGraphics.framework in Frameworks */ = {isa = PBXBuildFile; fileRef = 2974F946156B34D8006BA54E /* CoreGraphics.framework */; };
		2974F94D156B34D8006BA54E /* InfoPlist.strings in Resources */ = {isa = PBXBuildFile; fileRef = 2974F94B156B34D8006BA54E /* InfoPlist.strings */; };
		2974F94F156B34D8006BA54E /* main.m in Sources */ = {isa = PBXBuildFile; fileRef = 2974F94E156B34D8006BA54E /* main.m */; };
		2974F953156B34D8006BA54E /* CampusGeoAppDelegate.m in Sources */ = {isa = PBXBuildFile; fileRef = 2974F952156B34D8006BA54E /* CampusGeoAppDelegate.m */; };
		2974F956156B34D8006BA54E /* MainStoryboard.storyboard in Resources */ = {isa = PBXBuildFile; fileRef = 2974F954156B34D8006BA54E /* MainStoryboard.storyboard */; };
		2974F959156B34D8006BA54E /* CampusGeoViewController.m in Sources */ = {isa = PBXBuildFile; fileRef = 2974F958156B34D8006BA54E /* CampusGeoViewController.m */; };
		29E1910A15785FE700C1D3EC /* SocialBrain.m in Sources */ = {isa = PBXBuildFile; fileRef = 29E1910915785FE700C1D3EC /* SocialBrain.m */; };
		29E534D51574FF1E00CF80FA /* SocialDataViewController.m in Sources */ = {isa = PBXBuildFile; fileRef = 29E534D41574FF1E00CF80FA /* SocialDataViewController.m */; };
		29E534D81575052400CF80FA /* GeoInfoViewController.m in Sources */ = {isa = PBXBuildFile; fileRef = 29E534D71575052400CF80FA /* GeoInfoViewController.m */; };
		29E534E215750DD800CF80FA /* Settings.bundle in Resources */ = {isa = PBXBuildFile; fileRef = 29E534E115750DD800CF80FA /* Settings.bundle */; };
		29E534E4157528FB00CF80FA /* CFNetwork.framework in Frameworks */ = {isa = PBXBuildFile; fileRef = 29E534E3157528FB00CF80FA /* CFNetwork.framework */; };
		29E534EB157532FF00CF80FA /* SystemConfiguration.framework in Frameworks */ = {isa = PBXBuildFile; fileRef = 29E534EA157532FF00CF80FA /* SystemConfiguration.framework */; };
		29E534ED1575330C00CF80FA /* MobileCoreServices.framework in Frameworks */ = {isa = PBXBuildFile; fileRef = 29E534EC1575330C00CF80FA /* MobileCoreServices.framework */; };
		29E534EF1575333500CF80FA /* libz.dylib in Frameworks */ = {isa = PBXBuildFile; fileRef = 29E534EE1575333500CF80FA /* libz.dylib */; };
		29E53506157533BB00CF80FA /* ASIAuthenticationDialog.m in Sources */ = {isa = PBXBuildFile; fileRef = 29E534F1157533BB00CF80FA /* ASIAuthenticationDialog.m */; settings = {COMPILER_FLAGS = "-fno-objc-arc"; }; };
		29E53507157533BB00CF80FA /* ASIDataCompressor.m in Sources */ = {isa = PBXBuildFile; fileRef = 29E534F4157533BB00CF80FA /* ASIDataCompressor.m */; settings = {COMPILER_FLAGS = "-fno-objc-arc"; }; };
		29E53508157533BB00CF80FA /* ASIDataDecompressor.m in Sources */ = {isa = PBXBuildFile; fileRef = 29E534F6157533BB00CF80FA /* ASIDataDecompressor.m */; settings = {COMPILER_FLAGS = "-fno-objc-arc"; }; };
		29E53509157533BB00CF80FA /* ASIDownloadCache.m in Sources */ = {isa = PBXBuildFile; fileRef = 29E534F8157533BB00CF80FA /* ASIDownloadCache.m */; settings = {COMPILER_FLAGS = "-fno-objc-arc"; }; };
		29E5350A157533BB00CF80FA /* ASIFormDataRequest.m in Sources */ = {isa = PBXBuildFile; fileRef = 29E534FA157533BB00CF80FA /* ASIFormDataRequest.m */; settings = {COMPILER_FLAGS = "-fno-objc-arc"; }; };
		29E5350B157533BB00CF80FA /* ASIHTTPRequest.m in Sources */ = {isa = PBXBuildFile; fileRef = 29E534FC157533BB00CF80FA /* ASIHTTPRequest.m */; settings = {COMPILER_FLAGS = "-fno-objc-arc"; }; };
		29E5350C157533BB00CF80FA /* ASIInputStream.m in Sources */ = {isa = PBXBuildFile; fileRef = 29E53500157533BB00CF80FA /* ASIInputStream.m */; settings = {COMPILER_FLAGS = "-fno-objc-arc"; }; };
		29E5350D157533BB00CF80FA /* ASINetworkQueue.m in Sources */ = {isa = PBXBuildFile; fileRef = 29E53502157533BB00CF80FA /* ASINetworkQueue.m */; settings = {COMPILER_FLAGS = "-fno-objc-arc"; }; };
		29E5350E157533BB00CF80FA /* Reachability.m in Sources */ = {isa = PBXBuildFile; fileRef = 29E53505157533BB00CF80FA /* Reachability.m */; settings = {COMPILER_FLAGS = "-fno-objc-arc"; }; };
		29E98709157C9FA800FC8D82 /* User.m in Sources */ = {isa = PBXBuildFile; fileRef = 29E98708157C9FA800FC8D82 /* User.m */; };
/* End PBXBuildFile section */

/* Begin PBXFileReference section */
		2947731E156BC4EC00006559 /* LoginBrain.h */ = {isa = PBXFileReference; fileEncoding = 4; lastKnownFileType = sourcecode.c.h; name = LoginBrain.h; path = ProcessBrain/LoginBrain.h; sourceTree = "<group>"; };
		2947731F156BC4EC00006559 /* LoginBrain.m */ = {isa = PBXFileReference; fileEncoding = 4; lastKnownFileType = sourcecode.c.objc; name = LoginBrain.m; path = ProcessBrain/LoginBrain.m; sourceTree = "<group>"; };
		29477322156BDCC400006559 /* UserAdminViewController.h */ = {isa = PBXFileReference; fileEncoding = 4; lastKnownFileType = sourcecode.c.h; name = UserAdminViewController.h; path = ViewController/UserAdminViewController.h; sourceTree = "<group>"; };
		29477323156BDCC400006559 /* UserAdminViewController.m */ = {isa = PBXFileReference; fileEncoding = 4; lastKnownFileType = sourcecode.c.objc; name = UserAdminViewController.m; path = ViewController/UserAdminViewController.m; sourceTree = "<group>"; };
		2974F93E156B34D8006BA54E /* CampusGeo.app */ = {isa = PBXFileReference; explicitFileType = wrapper.application; includeInIndex = 0; path = CampusGeo.app; sourceTree = BUILT_PRODUCTS_DIR; };
		2974F942156B34D8006BA54E /* UIKit.framework */ = {isa = PBXFileReference; lastKnownFileType = wrapper.framework; name = UIKit.framework; path = System/Library/Frameworks/UIKit.framework; sourceTree = SDKROOT; };
		2974F944156B34D8006BA54E /* Foundation.framework */ = {isa = PBXFileReference; lastKnownFileType = wrapper.framework; name = Foundation.framework; path = System/Library/Frameworks/Foundation.framework; sourceTree = SDKROOT; };
		2974F946156B34D8006BA54E /* CoreGraphics.framework */ = {isa = PBXFileReference; lastKnownFileType = wrapper.framework; name = CoreGraphics.framework; path = System/Library/Frameworks/CoreGraphics.framework; sourceTree = SDKROOT; };
		2974F94A156B34D8006BA54E /* CampusGeo-Info.plist */ = {isa = PBXFileReference; lastKnownFileType = text.plist.xml; path = "CampusGeo-Info.plist"; sourceTree = "<group>"; };
		2974F94C156B34D8006BA54E /* en */ = {isa = PBXFileReference; lastKnownFileType = text.plist.strings; name = en; path = en.lproj/InfoPlist.strings; sourceTree = "<group>"; };
		2974F94E156B34D8006BA54E /* main.m */ = {isa = PBXFileReference; lastKnownFileType = sourcecode.c.objc; path = main.m; sourceTree = "<group>"; };
		2974F950156B34D8006BA54E /* CampusGeo-Prefix.pch */ = {isa = PBXFileReference; lastKnownFileType = sourcecode.c.h; path = "CampusGeo-Prefix.pch"; sourceTree = "<group>"; };
		2974F951156B34D8006BA54E /* CampusGeoAppDelegate.h */ = {isa = PBXFileReference; lastKnownFileType = sourcecode.c.h; path = CampusGeoAppDelegate.h; sourceTree = "<group>"; };
		2974F952156B34D8006BA54E /* CampusGeoAppDelegate.m */ = {isa = PBXFileReference; lastKnownFileType = sourcecode.c.objc; path = CampusGeoAppDelegate.m; sourceTree = "<group>"; };
		2974F955156B34D8006BA54E /* en */ = {isa = PBXFileReference; lastKnownFileType = file.storyboard; name = en; path = en.lproj/MainStoryboard.storyboard; sourceTree = "<group>"; };
		2974F957156B34D8006BA54E /* CampusGeoViewController.h */ = {isa = PBXFileReference; lastKnownFileType = sourcecode.c.h; path = CampusGeoViewController.h; sourceTree = "<group>"; };
		2974F958156B34D8006BA54E /* CampusGeoViewController.m */ = {isa = PBXFileReference; lastKnownFileType = sourcecode.c.objc; path = CampusGeoViewController.m; sourceTree = "<group>"; };
		29E1910815785FE700C1D3EC /* SocialBrain.h */ = {isa = PBXFileReference; fileEncoding = 4; lastKnownFileType = sourcecode.c.h; name = SocialBrain.h; path = ProcessBrain/SocialBrain.h; sourceTree = "<group>"; };
		29E1910915785FE700C1D3EC /* SocialBrain.m */ = {isa = PBXFileReference; fileEncoding = 4; lastKnownFileType = sourcecode.c.objc; name = SocialBrain.m; path = ProcessBrain/SocialBrain.m; sourceTree = "<group>"; };
		29E534D31574FF1E00CF80FA /* SocialDataViewController.h */ = {isa = PBXFileReference; fileEncoding = 4; lastKnownFileType = sourcecode.c.h; name = SocialDataViewController.h; path = ViewController/SocialDataViewController.h; sourceTree = "<group>"; };
		29E534D41574FF1E00CF80FA /* SocialDataViewController.m */ = {isa = PBXFileReference; fileEncoding = 4; lastKnownFileType = sourcecode.c.objc; name = SocialDataViewController.m; path = ViewController/SocialDataViewController.m; sourceTree = "<group>"; };
		29E534D61575052300CF80FA /* GeoInfoViewController.h */ = {isa = PBXFileReference; fileEncoding = 4; lastKnownFileType = sourcecode.c.h; name = GeoInfoViewController.h; path = ViewController/GeoInfoViewController.h; sourceTree = "<group>"; };
		29E534D71575052400CF80FA /* GeoInfoViewController.m */ = {isa = PBXFileReference; fileEncoding = 4; lastKnownFileType = sourcecode.c.objc; name = GeoInfoViewController.m; path = ViewController/GeoInfoViewController.m; sourceTree = "<group>"; };
		29E534E115750DD800CF80FA /* Settings.bundle */ = {isa = PBXFileReference; lastKnownFileType = "wrapper.plug-in"; path = Settings.bundle; sourceTree = "<group>"; };
		29E534E3157528FB00CF80FA /* CFNetwork.framework */ = {isa = PBXFileReference; lastKnownFileType = wrapper.framework; name = CFNetwork.framework; path = System/Library/Frameworks/CFNetwork.framework; sourceTree = SDKROOT; };
		29E534EA157532FF00CF80FA /* SystemConfiguration.framework */ = {isa = PBXFileReference; lastKnownFileType = wrapper.framework; name = SystemConfiguration.framework; path = System/Library/Frameworks/SystemConfiguration.framework; sourceTree = SDKROOT; };
		29E534EC1575330C00CF80FA /* MobileCoreServices.framework */ = {isa = PBXFileReference; lastKnownFileType = wrapper.framework; name = MobileCoreServices.framework; path = System/Library/Frameworks/MobileCoreServices.framework; sourceTree = SDKROOT; };
		29E534EE1575333500CF80FA /* libz.dylib */ = {isa = PBXFileReference; lastKnownFileType = "compiled.mach-o.dylib"; name = libz.dylib; path = usr/lib/libz.dylib; sourceTree = SDKROOT; };
		29E534F0157533BB00CF80FA /* ASIAuthenticationDialog.h */ = {isa = PBXFileReference; fileEncoding = 4; lastKnownFileType = sourcecode.c.h; name = ASIAuthenticationDialog.h; path = CampusGeo/ASIHTTPRequest/ASIAuthenticationDialog.h; sourceTree = "<group>"; };
		29E534F1157533BB00CF80FA /* ASIAuthenticationDialog.m */ = {isa = PBXFileReference; fileEncoding = 4; lastKnownFileType = sourcecode.c.objc; name = ASIAuthenticationDialog.m; path = CampusGeo/ASIHTTPRequest/ASIAuthenticationDialog.m; sourceTree = "<group>"; };
		29E534F2157533BB00CF80FA /* ASICacheDelegate.h */ = {isa = PBXFileReference; fileEncoding = 4; lastKnownFileType = sourcecode.c.h; name = ASICacheDelegate.h; path = CampusGeo/ASIHTTPRequest/ASICacheDelegate.h; sourceTree = "<group>"; };
		29E534F3157533BB00CF80FA /* ASIDataCompressor.h */ = {isa = PBXFileReference; fileEncoding = 4; lastKnownFileType = sourcecode.c.h; name = ASIDataCompressor.h; path = CampusGeo/ASIHTTPRequest/ASIDataCompressor.h; sourceTree = "<group>"; };
		29E534F4157533BB00CF80FA /* ASIDataCompressor.m */ = {isa = PBXFileReference; fileEncoding = 4; lastKnownFileType = sourcecode.c.objc; name = ASIDataCompressor.m; path = CampusGeo/ASIHTTPRequest/ASIDataCompressor.m; sourceTree = "<group>"; };
		29E534F5157533BB00CF80FA /* ASIDataDecompressor.h */ = {isa = PBXFileReference; fileEncoding = 4; lastKnownFileType = sourcecode.c.h; name = ASIDataDecompressor.h; path = CampusGeo/ASIHTTPRequest/ASIDataDecompressor.h; sourceTree = "<group>"; };
		29E534F6157533BB00CF80FA /* ASIDataDecompressor.m */ = {isa = PBXFileReference; fileEncoding = 4; lastKnownFileType = sourcecode.c.objc; name = ASIDataDecompressor.m; path = CampusGeo/ASIHTTPRequest/ASIDataDecompressor.m; sourceTree = "<group>"; };
		29E534F7157533BB00CF80FA /* ASIDownloadCache.h */ = {isa = PBXFileReference; fileEncoding = 4; lastKnownFileType = sourcecode.c.h; name = ASIDownloadCache.h; path = CampusGeo/ASIHTTPRequest/ASIDownloadCache.h; sourceTree = "<group>"; };
		29E534F8157533BB00CF80FA /* ASIDownloadCache.m */ = {isa = PBXFileReference; fileEncoding = 4; lastKnownFileType = sourcecode.c.objc; name = ASIDownloadCache.m; path = CampusGeo/ASIHTTPRequest/ASIDownloadCache.m; sourceTree = "<group>"; };
		29E534F9157533BB00CF80FA /* ASIFormDataRequest.h */ = {isa = PBXFileReference; fileEncoding = 4; lastKnownFileType = sourcecode.c.h; name = ASIFormDataRequest.h; path = CampusGeo/ASIHTTPRequest/ASIFormDataRequest.h; sourceTree = "<group>"; };
		29E534FA157533BB00CF80FA /* ASIFormDataRequest.m */ = {isa = PBXFileReference; fileEncoding = 4; lastKnownFileType = sourcecode.c.objc; name = ASIFormDataRequest.m; path = CampusGeo/ASIHTTPRequest/ASIFormDataRequest.m; sourceTree = "<group>"; };
		29E534FB157533BB00CF80FA /* ASIHTTPRequest.h */ = {isa = PBXFileReference; fileEncoding = 4; lastKnownFileType = sourcecode.c.h; name = ASIHTTPRequest.h; path = CampusGeo/ASIHTTPRequest/ASIHTTPRequest.h; sourceTree = "<group>"; };
		29E534FC157533BB00CF80FA /* ASIHTTPRequest.m */ = {isa = PBXFileReference; fileEncoding = 4; lastKnownFileType = sourcecode.c.objc; name = ASIHTTPRequest.m; path = CampusGeo/ASIHTTPRequest/ASIHTTPRequest.m; sourceTree = "<group>"; };
		29E534FD157533BB00CF80FA /* ASIHTTPRequestConfig.h */ = {isa = PBXFileReference; fileEncoding = 4; lastKnownFileType = sourcecode.c.h; name = ASIHTTPRequestConfig.h; path = CampusGeo/ASIHTTPRequest/ASIHTTPRequestConfig.h; sourceTree = "<group>"; };
		29E534FE157533BB00CF80FA /* ASIHTTPRequestDelegate.h */ = {isa = PBXFileReference; fileEncoding = 4; lastKnownFileType = sourcecode.c.h; name = ASIHTTPRequestDelegate.h; path = CampusGeo/ASIHTTPRequest/ASIHTTPRequestDelegate.h; sourceTree = "<group>"; };
		29E534FF157533BB00CF80FA /* ASIInputStream.h */ = {isa = PBXFileReference; fileEncoding = 4; lastKnownFileType = sourcecode.c.h; name = ASIInputStream.h; path = CampusGeo/ASIHTTPRequest/ASIInputStream.h; sourceTree = "<group>"; };
		29E53500157533BB00CF80FA /* ASIInputStream.m */ = {isa = PBXFileReference; fileEncoding = 4; lastKnownFileType = sourcecode.c.objc; name = ASIInputStream.m; path = CampusGeo/ASIHTTPRequest/ASIInputStream.m; sourceTree = "<group>"; };
		29E53501157533BB00CF80FA /* ASINetworkQueue.h */ = {isa = PBXFileReference; fileEncoding = 4; lastKnownFileType = sourcecode.c.h; name = ASINetworkQueue.h; path = CampusGeo/ASIHTTPRequest/ASINetworkQueue.h; sourceTree = "<group>"; };
		29E53502157533BB00CF80FA /* ASINetworkQueue.m */ = {isa = PBXFileReference; fileEncoding = 4; lastKnownFileType = sourcecode.c.objc; name = ASINetworkQueue.m; path = CampusGeo/ASIHTTPRequest/ASINetworkQueue.m; sourceTree = "<group>"; };
		29E53503157533BB00CF80FA /* ASIProgressDelegate.h */ = {isa = PBXFileReference; fileEncoding = 4; lastKnownFileType = sourcecode.c.h; name = ASIProgressDelegate.h; path = CampusGeo/ASIHTTPRequest/ASIProgressDelegate.h; sourceTree = "<group>"; };
		29E53504157533BB00CF80FA /* Reachability.h */ = {isa = PBXFileReference; fileEncoding = 4; lastKnownFileType = sourcecode.c.h; name = Reachability.h; path = CampusGeo/ASIHTTPRequest/Reachability.h; sourceTree = "<group>"; };
		29E53505157533BB00CF80FA /* Reachability.m */ = {isa = PBXFileReference; fileEncoding = 4; lastKnownFileType = sourcecode.c.objc; name = Reachability.m; path = CampusGeo/ASIHTTPRequest/Reachability.m; sourceTree = "<group>"; };
		29E98707157C9FA800FC8D82 /* User.h */ = {isa = PBXFileReference; fileEncoding = 4; lastKnownFileType = sourcecode.c.h; name = User.h; path = Model/User.h; sourceTree = "<group>"; };
		29E98708157C9FA800FC8D82 /* User.m */ = {isa = PBXFileReference; fileEncoding = 4; lastKnownFileType = sourcecode.c.objc; name = User.m; path = Model/User.m; sourceTree = "<group>"; };
/* End PBXFileReference section */

/* Begin PBXFrameworksBuildPhase section */
		2974F93B156B34D8006BA54E /* Frameworks */ = {
			isa = PBXFrameworksBuildPhase;
			buildActionMask = 2147483647;
			files = (
				29E534EF1575333500CF80FA /* libz.dylib in Frameworks */,
				29E534ED1575330C00CF80FA /* MobileCoreServices.framework in Frameworks */,
				29E534EB157532FF00CF80FA /* SystemConfiguration.framework in Frameworks */,
				29E534E4157528FB00CF80FA /* CFNetwork.framework in Frameworks */,
				2974F943156B34D8006BA54E /* UIKit.framework in Frameworks */,
				2974F945156B34D8006BA54E /* Foundation.framework in Frameworks */,
				2974F947156B34D8006BA54E /* CoreGraphics.framework in Frameworks */,
			);
			runOnlyForDeploymentPostprocessing = 0;
		};
/* End PBXFrameworksBuildPhase section */

/* Begin PBXGroup section */
		2947731C156BC4A000006559 /* ProcessBrain */ = {
			isa = PBXGroup;
			children = (
				2947731E156BC4EC00006559 /* LoginBrain.h */,
				2947731F156BC4EC00006559 /* LoginBrain.m */,
				29E1910815785FE700C1D3EC /* SocialBrain.h */,
				29E1910915785FE700C1D3EC /* SocialBrain.m */,
			);
			name = ProcessBrain;
			sourceTree = "<group>";
		};
		29477321156BDBCE00006559 /* ViewController */ = {
			isa = PBXGroup;
			children = (
				2974F957156B34D8006BA54E /* CampusGeoViewController.h */,
				2974F958156B34D8006BA54E /* CampusGeoViewController.m */,
				29477322156BDCC400006559 /* UserAdminViewController.h */,
				29477323156BDCC400006559 /* UserAdminViewController.m */,
				29E534D31574FF1E00CF80FA /* SocialDataViewController.h */,
				29E534D41574FF1E00CF80FA /* SocialDataViewController.m */,
				29E534D61575052300CF80FA /* GeoInfoViewController.h */,
				29E534D71575052400CF80FA /* GeoInfoViewController.m */,
			);
			name = ViewController;
			sourceTree = "<group>";
		};
		2974F933156B34D8006BA54E = {
			isa = PBXGroup;
			children = (
				2974F948156B34D8006BA54E /* CampusGeo */,
				2974F941156B34D8006BA54E /* Frameworks */,
				2974F93F156B34D8006BA54E /* Products */,
			);
			sourceTree = "<group>";
		};
		2974F93F156B34D8006BA54E /* Products */ = {
			isa = PBXGroup;
			children = (
				2974F93E156B34D8006BA54E /* CampusGeo.app */,
			);
			name = Products;
			sourceTree = "<group>";
		};
		2974F941156B34D8006BA54E /* Frameworks */ = {
			isa = PBXGroup;
			children = (
				29E534EE1575333500CF80FA /* libz.dylib */,
				29E534EC1575330C00CF80FA /* MobileCoreServices.framework */,
				29E534EA157532FF00CF80FA /* SystemConfiguration.framework */,
				29E534E91575322B00CF80FA /* ASIHTTPRequest */,
				29E534E3157528FB00CF80FA /* CFNetwork.framework */,
				2974F942156B34D8006BA54E /* UIKit.framework */,
				2974F944156B34D8006BA54E /* Foundation.framework */,
				2974F946156B34D8006BA54E /* CoreGraphics.framework */,
			);
			name = Frameworks;
			sourceTree = "<group>";
		};
		2974F948156B34D8006BA54E /* CampusGeo */ = {
			isa = PBXGroup;
			children = (
				29E98706157C9F8F00FC8D82 /* Model */,
				29477321156BDBCE00006559 /* ViewController */,
				2947731C156BC4A000006559 /* ProcessBrain */,
				2974F951156B34D8006BA54E /* CampusGeoAppDelegate.h */,
				2974F952156B34D8006BA54E /* CampusGeoAppDelegate.m */,
				2974F954156B34D8006BA54E /* MainStoryboard.storyboard */,
				2974F949156B34D8006BA54E /* Supporting Files */,
				29E534E115750DD800CF80FA /* Settings.bundle */,
			);
			path = CampusGeo;
			sourceTree = "<group>";
		};
		2974F949156B34D8006BA54E /* Supporting Files */ = {
			isa = PBXGroup;
			children = (
				2974F94A156B34D8006BA54E /* CampusGeo-Info.plist */,
				2974F94B156B34D8006BA54E /* InfoPlist.strings */,
				2974F94E156B34D8006BA54E /* main.m */,
				2974F950156B34D8006BA54E /* CampusGeo-Prefix.pch */,
			);
			name = "Supporting Files";
			sourceTree = "<group>";
		};
		29E534E91575322B00CF80FA /* ASIHTTPRequest */ = {
			isa = PBXGroup;
			children = (
				29E534F0157533BB00CF80FA /* ASIAuthenticationDialog.h */,
				29E534F1157533BB00CF80FA /* ASIAuthenticationDialog.m */,
				29E534F2157533BB00CF80FA /* ASICacheDelegate.h */,
				29E534F3157533BB00CF80FA /* ASIDataCompressor.h */,
				29E534F4157533BB00CF80FA /* ASIDataCompressor.m */,
				29E534F5157533BB00CF80FA /* ASIDataDecompressor.h */,
				29E534F6157533BB00CF80FA /* ASIDataDecompressor.m */,
				29E534F7157533BB00CF80FA /* ASIDownloadCache.h */,
				29E534F8157533BB00CF80FA /* ASIDownloadCache.m */,
				29E534F9157533BB00CF80FA /* ASIFormDataRequest.h */,
				29E534FA157533BB00CF80FA /* ASIFormDataRequest.m */,
				29E534FB157533BB00CF80FA /* ASIHTTPRequest.h */,
				29E534FC157533BB00CF80FA /* ASIHTTPRequest.m */,
				29E534FD157533BB00CF80FA /* ASIHTTPRequestConfig.h */,
				29E534FE157533BB00CF80FA /* ASIHTTPRequestDelegate.h */,
				29E534FF157533BB00CF80FA /* ASIInputStream.h */,
				29E53500157533BB00CF80FA /* ASIInputStream.m */,
				29E53501157533BB00CF80FA /* ASINetworkQueue.h */,
				29E53502157533BB00CF80FA /* ASINetworkQueue.m */,
				29E53503157533BB00CF80FA /* ASIProgressDelegate.h */,
				29E53504157533BB00CF80FA /* Reachability.h */,
				29E53505157533BB00CF80FA /* Reachability.m */,
			);
			name = ASIHTTPRequest;
			sourceTree = "<group>";
		};
		29E98706157C9F8F00FC8D82 /* Model */ = {
			isa = PBXGroup;
			children = (
				29E98707157C9FA800FC8D82 /* User.h */,
				29E98708157C9FA800FC8D82 /* User.m */,
			);
			name = Model;
			sourceTree = "<group>";
		};
/* End PBXGroup section */

/* Begin PBXNativeTarget section */
		2974F93D156B34D8006BA54E /* CampusGeo */ = {
			isa = PBXNativeTarget;
			buildConfigurationList = 2974F95C156B34D8006BA54E /* Build configuration list for PBXNativeTarget "CampusGeo" */;
			buildPhases = (
				2974F93A156B34D8006BA54E /* Sources */,
				2974F93B156B34D8006BA54E /* Frameworks */,
				2974F93C156B34D8006BA54E /* Resources */,
			);
			buildRules = (
			);
			dependencies = (
			);
			name = CampusGeo;
			productName = CampusGeo;
			productReference = 2974F93E156B34D8006BA54E /* CampusGeo.app */;
			productType = "com.apple.product-type.application";
		};
/* End PBXNativeTarget section */

/* Begin PBXProject section */
		2974F935156B34D8006BA54E /* Project object */ = {
			isa = PBXProject;
			attributes = {
				CLASSPREFIX = CampusGeo;
				LastUpgradeCheck = 0430;
			};
			buildConfigurationList = 2974F938156B34D8006BA54E /* Build configuration list for PBXProject "CampusGeo" */;
			compatibilityVersion = "Xcode 3.2";
			developmentRegion = English;
			hasScannedForEncodings = 0;
			knownRegions = (
				en,
			);
			mainGroup = 2974F933156B34D8006BA54E;
			productRefGroup = 2974F93F156B34D8006BA54E /* Products */;
			projectDirPath = "";
			projectRoot = "";
			targets = (
				2974F93D156B34D8006BA54E /* CampusGeo */,
			);
		};
/* End PBXProject section */

/* Begin PBXResourcesBuildPhase section */
		2974F93C156B34D8006BA54E /* Resources */ = {
			isa = PBXResourcesBuildPhase;
			buildActionMask = 2147483647;
			files = (
				2974F94D156B34D8006BA54E /* InfoPlist.strings in Resources */,
				2974F956156B34D8006BA54E /* MainStoryboard.storyboard in Resources */,
				29E534E215750DD800CF80FA /* Settings.bundle in Resources */,
			);
			runOnlyForDeploymentPostprocessing = 0;
		};
/* End PBXResourcesBuildPhase section */

/* Begin PBXSourcesBuildPhase section */
		2974F93A156B34D8006BA54E /* Sources */ = {
			isa = PBXSourcesBuildPhase;
			buildActionMask = 2147483647;
			files = (
				2974F94F156B34D8006BA54E /* main.m in Sources */,
				2974F953156B34D8006BA54E /* CampusGeoAppDelegate.m in Sources */,
				2974F959156B34D8006BA54E /* CampusGeoViewController.m in Sources */,
				29477320156BC4EC00006559 /* LoginBrain.m in Sources */,
				29477324156BDCC400006559 /* UserAdminViewController.m in Sources */,
				29E534D51574FF1E00CF80FA /* SocialDataViewController.m in Sources */,
				29E534D81575052400CF80FA /* GeoInfoViewController.m in Sources */,
				29E53506157533BB00CF80FA /* ASIAuthenticationDialog.m in Sources */,
				29E53507157533BB00CF80FA /* ASIDataCompressor.m in Sources */,
				29E53508157533BB00CF80FA /* ASIDataDecompressor.m in Sources */,
				29E53509157533BB00CF80FA /* ASIDownloadCache.m in Sources */,
				29E5350A157533BB00CF80FA /* ASIFormDataRequest.m in Sources */,
				29E5350B157533BB00CF80FA /* ASIHTTPRequest.m in Sources */,
				29E5350C157533BB00CF80FA /* ASIInputStream.m in Sources */,
				29E5350D157533BB00CF80FA /* ASINetworkQueue.m in Sources */,
				29E5350E157533BB00CF80FA /* Reachability.m in Sources */,
				29E1910A15785FE700C1D3EC /* SocialBrain.m in Sources */,
				29E98709157C9FA800FC8D82 /* User.m in Sources */,
			);
			runOnlyForDeploymentPostprocessing = 0;
		};
/* End PBXSourcesBuildPhase section */

/* Begin PBXVariantGroup section */
		2974F94B156B34D8006BA54E /* InfoPlist.strings */ = {
			isa = PBXVariantGroup;
			children = (
				2974F94C156B34D8006BA54E /* en */,
			);
			name = InfoPlist.strings;
			sourceTree = "<group>";
		};
		2974F954156B34D8006BA54E /* MainStoryboard.storyboard */ = {
			isa = PBXVariantGroup;
			children = (
				2974F955156B34D8006BA54E /* en */,
			);
			name = MainStoryboard.storyboard;
			sourceTree = "<group>";
		};
/* End PBXVariantGroup section */

/* Begin XCBuildConfiguration section */
		2974F95A156B34D8006BA54E /* Debug */ = {
			isa = XCBuildConfiguration;
			buildSettings = {
				ALWAYS_SEARCH_USER_PATHS = NO;
				ARCHS = "$(ARCHS_STANDARD_32_BIT)";
				CLANG_ENABLE_OBJC_ARC = YES;
				"CODE_SIGN_IDENTITY[sdk=iphoneos*]" = "iPhone Developer";
				COPY_PHASE_STRIP = NO;
				GCC_C_LANGUAGE_STANDARD = gnu99;
				GCC_DYNAMIC_NO_PIC = NO;
				GCC_OPTIMIZATION_LEVEL = 0;
				GCC_PREPROCESSOR_DEFINITIONS = (
					"DEBUG=1",
					"$(inherited)",
				);
				GCC_SYMBOLS_PRIVATE_EXTERN = NO;
				GCC_VERSION = com.apple.compilers.llvm.clang.1_0;
				GCC_WARN_ABOUT_RETURN_TYPE = YES;
				GCC_WARN_UNINITIALIZED_AUTOS = YES;
				GCC_WARN_UNUSED_VARIABLE = YES;
				IPHONEOS_DEPLOYMENT_TARGET = 5.1;
				SDKROOT = iphoneos;
			};
			name = Debug;
		};
		2974F95B156B34D8006BA54E /* Release */ = {
			isa = XCBuildConfiguration;
			buildSettings = {
				ALWAYS_SEARCH_USER_PATHS = NO;
				ARCHS = "$(ARCHS_STANDARD_32_BIT)";
				CLANG_ENABLE_OBJC_ARC = YES;
				"CODE_SIGN_IDENTITY[sdk=iphoneos*]" = "iPhone Developer";
				COPY_PHASE_STRIP = YES;
				GCC_C_LANGUAGE_STANDARD = gnu99;
				GCC_VERSION = com.apple.compilers.llvm.clang.1_0;
				GCC_WARN_ABOUT_RETURN_TYPE = YES;
				GCC_WARN_UNINITIALIZED_AUTOS = YES;
				GCC_WARN_UNUSED_VARIABLE = YES;
				IPHONEOS_DEPLOYMENT_TARGET = 5.1;
				OTHER_CFLAGS = "-DNS_BLOCK_ASSERTIONS=1";
				SDKROOT = iphoneos;
				VALIDATE_PRODUCT = YES;
			};
			name = Release;
		};
		2974F95D156B34D8006BA54E /* Debug */ = {
			isa = XCBuildConfiguration;
			buildSettings = {
				GCC_PRECOMPILE_PREFIX_HEADER = YES;
				GCC_PREFIX_HEADER = "CampusGeo/CampusGeo-Prefix.pch";
				INFOPLIST_FILE = "CampusGeo/CampusGeo-Info.plist";
				PRODUCT_NAME = "$(TARGET_NAME)";
				WRAPPER_EXTENSION = app;
			};
			name = Debug;
		};
		2974F95E156B34D8006BA54E /* Release */ = {
			isa = XCBuildConfiguration;
			buildSettings = {
				GCC_PRECOMPILE_PREFIX_HEADER = YES;
				GCC_PREFIX_HEADER = "CampusGeo/CampusGeo-Prefix.pch";
				INFOPLIST_FILE = "CampusGeo/CampusGeo-Info.plist";
				PRODUCT_NAME = "$(TARGET_NAME)";
				WRAPPER_EXTENSION = app;
			};
			name = Release;
		};
/* End XCBuildConfiguration section */

/* Begin XCConfigurationList section */
		2974F938156B34D8006BA54E /* Build configuration list for PBXProject "CampusGeo" */ = {
			isa = XCConfigurationList;
			buildConfigurations = (
				2974F95A156B34D8006BA54E /* Debug */,
				2974F95B156B34D8006BA54E /* Release */,
			);
			defaultConfigurationIsVisible = 0;
			defaultConfigurationName = Release;
		};
		2974F95C156B34D8006BA54E /* Build configuration list for PBXNativeTarget "CampusGeo" */ = {
			isa = XCConfigurationList;
			buildConfigurations = (
				2974F95D156B34D8006BA54E /* Debug */,
				2974F95E156B34D8006BA54E /* Release */,
			);
			defaultConfigurationIsVisible = 0;
			defaultConfigurationName = Release;
		};
/* End XCConfigurationList section */
	};
	rootObject = 2974F935156B34D8006BA54E /* Project object */;
}
