// !$*UTF8*$!
{
	archiveVersion = 1;
	classes = {
	};
	objectVersion = 46;
	objects = {

/* Begin PBXBuildFile section */
		29477320156BC4EC00006559 /* LoginBrain.m in Sources */ = {isa = PBXBuildFile; fileRef = 2947731F156BC4EC00006559 /* LoginBrain.m */; };
		29477324156BDCC400006559 /* UserAdminViewController.m in Sources */ = {isa = PBXBuildFile; fileRef = 29477323156BDCC400006559 /* UserAdminViewController.m */; };
		2974F943156B34D8006BA54E /* UIKit.framework in Frameworks */ = {isa = PBXBuildFile; fileRef = 2974F942156B34D8006BA54E /* UIKit.framework */; };
		2974F945156B34D8006BA54E /* Foundation.framework in Frameworks */ = {isa = PBXBuildFile; fileRef = 2974F944156B34D8006BA54E /* Foundation.framework */; };
		2974F947156B34D8006BA54E /* CoreGraphics.framework in Frameworks */ = {isa = PBXBuildFile; fileRef = 2974F946156B34D8006BA54E /* CoreGraphics.framework */; };
		2974F94D156B34D8006BA54E /* InfoPlist.strings in Resources */ = {isa = PBXBuildFile; fileRef = 2974F94B156B34D8006BA54E /* InfoPlist.strings */; };
		2974F94F156B34D8006BA54E /* main.m in Sources */ = {isa = PBXBuildFile; fileRef = 2974F94E156B34D8006BA54E /* main.m */; };
		2974F953156B34D8006BA54E /* CampusGeoAppDelegate.m in Sources */ = {isa = PBXBuildFile; fileRef = 2974F952156B34D8006BA54E /* CampusGeoAppDelegate.m */; };
		2974F956156B34D8006BA54E /* MainStoryboard.storyboard in Resources */ = {isa = PBXBuildFile; fileRef = 2974F954156B34D8006BA54E /* MainStoryboard.storyboard */; };
		2974F959156B34D8006BA54E /* CampusGeoViewController.m in Sources */ = {isa = PBXBuildFile; fileRef = 2974F958156B34D8006BA54E /* CampusGeoViewController.m */; };
		29E534D51574FF1E00CF80FA /* SocialDataViewController.m in Sources */ = {isa = PBXBuildFile; fileRef = 29E534D41574FF1E00CF80FA /* SocialDataViewController.m */; };
		29E534D81575052400CF80FA /* GeoInfoViewController.m in Sources */ = {isa = PBXBuildFile; fileRef = 29E534D71575052400CF80FA /* GeoInfoViewController.m */; };
		29E534E215750DD800CF80FA /* Settings.bundle in Resources */ = {isa = PBXBuildFile; fileRef = 29E534E115750DD800CF80FA /* Settings.bundle */; };
/* End PBXBuildFile section */

/* Begin PBXFileReference section */
		2947731E156BC4EC00006559 /* LoginBrain.h */ = {isa = PBXFileReference; fileEncoding = 4; lastKnownFileType = sourcecode.c.h; name = LoginBrain.h; path = ProcessBrain/LoginBrain.h; sourceTree = "<group>"; };
		2947731F156BC4EC00006559 /* LoginBrain.m */ = {isa = PBXFileReference; fileEncoding = 4; lastKnownFileType = sourcecode.c.objc; name = LoginBrain.m; path = ProcessBrain/LoginBrain.m; sourceTree = "<group>"; };
		29477322156BDCC400006559 /* UserAdminViewController.h */ = {isa = PBXFileReference; fileEncoding = 4; lastKnownFileType = sourcecode.c.h; name = UserAdminViewController.h; path = ViewController/UserAdminViewController.h; sourceTree = "<group>"; };
		29477323156BDCC400006559 /* UserAdminViewController.m */ = {isa = PBXFileReference; fileEncoding = 4; lastKnownFileType = sourcecode.c.objc; name = UserAdminViewController.m; path = ViewController/UserAdminViewController.m; sourceTree = "<group>"; };
		2974F93E156B34D8006BA54E /* CampusGeo.app */ = {isa = PBXFileReference; explicitFileType = wrapper.application; includeInIndex = 0; path = CampusGeo.app; sourceTree = BUILT_PRODUCTS_DIR; };
		2974F942156B34D8006BA54E /* UIKit.framework */ = {isa = PBXFileReference; lastKnownFileType = wrapper.framework; name = UIKit.framework; path = System/Library/Frameworks/UIKit.framework; sourceTree = SDKROOT; };
		2974F944156B34D8006BA54E /* Foundation.framework */ = {isa = PBXFileReference; lastKnownFileType = wrapper.framework; name = Foundation.framework; path = System/Library/Frameworks/Foundation.framework; sourceTree = SDKROOT; };
		2974F946156B34D8006BA54E /* CoreGraphics.framework */ = {isa = PBXFileReference; lastKnownFileType = wrapper.framework; name = CoreGraphics.framework; path = System/Library/Frameworks/CoreGraphics.framework; sourceTree = SDKROOT; };
		2974F94A156B34D8006BA54E /* CampusGeo-Info.plist */ = {isa = PBXFileReference; lastKnownFileType = text.plist.xml; path = "CampusGeo-Info.plist"; sourceTree = "<group>"; };
		2974F94C156B34D8006BA54E /* en */ = {isa = PBXFileReference; lastKnownFileType = text.plist.strings; name = en; path = en.lproj/InfoPlist.strings; sourceTree = "<group>"; };
		2974F94E156B34D8006BA54E /* main.m */ = {isa = PBXFileReference; lastKnownFileType = sourcecode.c.objc; path = main.m; sourceTree = "<group>"; };
		2974F950156B34D8006BA54E /* CampusGeo-Prefix.pch */ = {isa = PBXFileReference; lastKnownFileType = sourcecode.c.h; path = "CampusGeo-Prefix.pch"; sourceTree = "<group>"; };
		2974F951156B34D8006BA54E /* CampusGeoAppDelegate.h */ = {isa = PBXFileReference; lastKnownFileType = sourcecode.c.h; path = CampusGeoAppDelegate.h; sourceTree = "<group>"; };
		2974F952156B34D8006BA54E /* CampusGeoAppDelegate.m */ = {isa = PBXFileReference; lastKnownFileType = sourcecode.c.objc; path = CampusGeoAppDelegate.m; sourceTree = "<group>"; };
		2974F955156B34D8006BA54E /* en */ = {isa = PBXFileReference; lastKnownFileType = file.storyboard; name = en; path = en.lproj/MainStoryboard.storyboard; sourceTree = "<group>"; };
		2974F957156B34D8006BA54E /* CampusGeoViewController.h */ = {isa = PBXFileReference; lastKnownFileType = sourcecode.c.h; path = CampusGeoViewController.h; sourceTree = "<group>"; };
		2974F958156B34D8006BA54E /* CampusGeoViewController.m */ = {isa = PBXFileReference; lastKnownFileType = sourcecode.c.objc; path = CampusGeoViewController.m; sourceTree = "<group>"; };
		29E534D31574FF1E00CF80FA /* SocialDataViewController.h */ = {isa = PBXFileReference; fileEncoding = 4; lastKnownFileType = sourcecode.c.h; name = SocialDataViewController.h; path = ViewController/SocialDataViewController.h; sourceTree = "<group>"; };
		29E534D41574FF1E00CF80FA /* SocialDataViewController.m */ = {isa = PBXFileReference; fileEncoding = 4; lastKnownFileType = sourcecode.c.objc; name = SocialDataViewController.m; path = ViewController/SocialDataViewController.m; sourceTree = "<group>"; };
		29E534D61575052300CF80FA /* GeoInfoViewController.h */ = {isa = PBXFileReference; fileEncoding = 4; lastKnownFileType = sourcecode.c.h; name = GeoInfoViewController.h; path = ViewController/GeoInfoViewController.h; sourceTree = "<group>"; };
		29E534D71575052400CF80FA /* GeoInfoViewController.m */ = {isa = PBXFileReference; fileEncoding = 4; lastKnownFileType = sourcecode.c.objc; name = GeoInfoViewController.m; path = ViewController/GeoInfoViewController.m; sourceTree = "<group>"; };
		29E534E115750DD800CF80FA /* Settings.bundle */ = {isa = PBXFileReference; lastKnownFileType = "wrapper.plug-in"; path = Settings.bundle; sourceTree = "<group>"; };
/* End PBXFileReference section */

/* Begin PBXFrameworksBuildPhase section */
		2974F93B156B34D8006BA54E /* Frameworks */ = {
			isa = PBXFrameworksBuildPhase;
			buildActionMask = 2147483647;
			files = (
				2974F943156B34D8006BA54E /* UIKit.framework in Frameworks */,
				2974F945156B34D8006BA54E /* Foundation.framework in Frameworks */,
				2974F947156B34D8006BA54E /* CoreGraphics.framework in Frameworks */,
			);
			runOnlyForDeploymentPostprocessing = 0;
		};
/* End PBXFrameworksBuildPhase section */

/* Begin PBXGroup section */
		2947731C156BC4A000006559 /* ProcessBrain */ = {
			isa = PBXGroup;
			children = (
				2947731E156BC4EC00006559 /* LoginBrain.h */,
				2947731F156BC4EC00006559 /* LoginBrain.m */,
			);
			name = ProcessBrain;
			sourceTree = "<group>";
		};
		29477321156BDBCE00006559 /* ViewController */ = {
			isa = PBXGroup;
			children = (
				2974F957156B34D8006BA54E /* CampusGeoViewController.h */,
				2974F958156B34D8006BA54E /* CampusGeoViewController.m */,
				29477322156BDCC400006559 /* UserAdminViewController.h */,
				29477323156BDCC400006559 /* UserAdminViewController.m */,
				29E534D31574FF1E00CF80FA /* SocialDataViewController.h */,
				29E534D41574FF1E00CF80FA /* SocialDataViewController.m */,
				29E534D61575052300CF80FA /* GeoInfoViewController.h */,
				29E534D71575052400CF80FA /* GeoInfoViewController.m */,
			);
			name = ViewController;
			sourceTree = "<group>";
		};
		2974F933156B34D8006BA54E = {
			isa = PBXGroup;
			children = (
				2974F948156B34D8006BA54E /* CampusGeo */,
				2974F941156B34D8006BA54E /* Frameworks */,
				2974F93F156B34D8006BA54E /* Products */,
			);
			sourceTree = "<group>";
		};
		2974F93F156B34D8006BA54E /* Products */ = {
			isa = PBXGroup;
			children = (
				2974F93E156B34D8006BA54E /* CampusGeo.app */,
			);
			name = Products;
			sourceTree = "<group>";
		};
		2974F941156B34D8006BA54E /* Frameworks */ = {
			isa = PBXGroup;
			children = (
				2974F942156B34D8006BA54E /* UIKit.framework */,
				2974F944156B34D8006BA54E /* Foundation.framework */,
				2974F946156B34D8006BA54E /* CoreGraphics.framework */,
			);
			name = Frameworks;
			sourceTree = "<group>";
		};
		2974F948156B34D8006BA54E /* CampusGeo */ = {
			isa = PBXGroup;
			children = (
				29E534D21574F92500CF80FA /* View */,
				29477321156BDBCE00006559 /* ViewController */,
				2947731C156BC4A000006559 /* ProcessBrain */,
				2974F951156B34D8006BA54E /* CampusGeoAppDelegate.h */,
				2974F952156B34D8006BA54E /* CampusGeoAppDelegate.m */,
				2974F954156B34D8006BA54E /* MainStoryboard.storyboard */,
				2974F949156B34D8006BA54E /* Supporting Files */,
				29E534E115750DD800CF80FA /* Settings.bundle */,
			);
			path = CampusGeo;
			sourceTree = "<group>";
		};
		2974F949156B34D8006BA54E /* Supporting Files */ = {
			isa = PBXGroup;
			children = (
				2974F94A156B34D8006BA54E /* CampusGeo-Info.plist */,
				2974F94B156B34D8006BA54E /* InfoPlist.strings */,
				2974F94E156B34D8006BA54E /* main.m */,
				2974F950156B34D8006BA54E /* CampusGeo-Prefix.pch */,
			);
			name = "Supporting Files";
			sourceTree = "<group>";
		};
		29E534D21574F92500CF80FA /* View */ = {
			isa = PBXGroup;
			children = (
			);
			name = View;
			sourceTree = "<group>";
		};
/* End PBXGroup section */

/* Begin PBXNativeTarget section */
		2974F93D156B34D8006BA54E /* CampusGeo */ = {
			isa = PBXNativeTarget;
			buildConfigurationList = 2974F95C156B34D8006BA54E /* Build configuration list for PBXNativeTarget "CampusGeo" */;
			buildPhases = (
				2974F93A156B34D8006BA54E /* Sources */,
				2974F93B156B34D8006BA54E /* Frameworks */,
				2974F93C156B34D8006BA54E /* Resources */,
			);
			buildRules = (
			);
			dependencies = (
			);
			name = CampusGeo;
			productName = CampusGeo;
			productReference = 2974F93E156B34D8006BA54E /* CampusGeo.app */;
			productType = "com.apple.product-type.application";
		};
/* End PBXNativeTarget section */

/* Begin PBXProject section */
		2974F935156B34D8006BA54E /* Project object */ = {
			isa = PBXProject;
			attributes = {
				CLASSPREFIX = CampusGeo;
				LastUpgradeCheck = 0430;
			};
			buildConfigurationList = 2974F938156B34D8006BA54E /* Build configuration list for PBXProject "CampusGeo" */;
			compatibilityVersion = "Xcode 3.2";
			developmentRegion = English;
			hasScannedForEncodings = 0;
			knownRegions = (
				en,
			);
			mainGroup = 2974F933156B34D8006BA54E;
			productRefGroup = 2974F93F156B34D8006BA54E /* Products */;
			projectDirPath = "";
			projectRoot = "";
			targets = (
				2974F93D156B34D8006BA54E /* CampusGeo */,
			);
		};
/* End PBXProject section */

/* Begin PBXResourcesBuildPhase section */
		2974F93C156B34D8006BA54E /* Resources */ = {
			isa = PBXResourcesBuildPhase;
			buildActionMask = 2147483647;
			files = (
				2974F94D156B34D8006BA54E /* InfoPlist.strings in Resources */,
				2974F956156B34D8006BA54E /* MainStoryboard.storyboard in Resources */,
				29E534E215750DD800CF80FA /* Settings.bundle in Resources */,
			);
			runOnlyForDeploymentPostprocessing = 0;
		};
/* End PBXResourcesBuildPhase section */

/* Begin PBXSourcesBuildPhase section */
		2974F93A156B34D8006BA54E /* Sources */ = {
			isa = PBXSourcesBuildPhase;
			buildActionMask = 2147483647;
			files = (
				2974F94F156B34D8006BA54E /* main.m in Sources */,
				2974F953156B34D8006BA54E /* CampusGeoAppDelegate.m in Sources */,
				2974F959156B34D8006BA54E /* CampusGeoViewController.m in Sources */,
				29477320156BC4EC00006559 /* LoginBrain.m in Sources */,
				29477324156BDCC400006559 /* UserAdminViewController.m in Sources */,
				29E534D51574FF1E00CF80FA /* SocialDataViewController.m in Sources */,
				29E534D81575052400CF80FA /* GeoInfoViewController.m in Sources */,
			);
			runOnlyForDeploymentPostprocessing = 0;
		};
/* End PBXSourcesBuildPhase section */

/* Begin PBXVariantGroup section */
		2974F94B156B34D8006BA54E /* InfoPlist.strings */ = {
			isa = PBXVariantGroup;
			children = (
				2974F94C156B34D8006BA54E /* en */,
			);
			name = InfoPlist.strings;
			sourceTree = "<group>";
		};
		2974F954156B34D8006BA54E /* MainStoryboard.storyboard */ = {
			isa = PBXVariantGroup;
			children = (
				2974F955156B34D8006BA54E /* en */,
			);
			name = MainStoryboard.storyboard;
			sourceTree = "<group>";
		};
/* End PBXVariantGroup section */

/* Begin XCBuildConfiguration section */
		2974F95A156B34D8006BA54E /* Debug */ = {
			isa = XCBuildConfiguration;
			buildSettings = {
				ALWAYS_SEARCH_USER_PATHS = NO;
				ARCHS = "$(ARCHS_STANDARD_32_BIT)";
				CLANG_ENABLE_OBJC_ARC = YES;
				"CODE_SIGN_IDENTITY[sdk=iphoneos*]" = "iPhone Developer";
				COPY_PHASE_STRIP = NO;
				GCC_C_LANGUAGE_STANDARD = gnu99;
				GCC_DYNAMIC_NO_PIC = NO;
				GCC_OPTIMIZATION_LEVEL = 0;
				GCC_PREPROCESSOR_DEFINITIONS = (
					"DEBUG=1",
					"$(inherited)",
				);
				GCC_SYMBOLS_PRIVATE_EXTERN = NO;
				GCC_VERSION = com.apple.compilers.llvm.clang.1_0;
				GCC_WARN_ABOUT_RETURN_TYPE = YES;
				GCC_WARN_UNINITIALIZED_AUTOS = YES;
				GCC_WARN_UNUSED_VARIABLE = YES;
				IPHONEOS_DEPLOYMENT_TARGET = 5.1;
				SDKROOT = iphoneos;
			};
			name = Debug;
		};
		2974F95B156B34D8006BA54E /* Release */ = {
			isa = XCBuildConfiguration;
			buildSettings = {
				ALWAYS_SEARCH_USER_PATHS = NO;
				ARCHS = "$(ARCHS_STANDARD_32_BIT)";
				CLANG_ENABLE_OBJC_ARC = YES;
				"CODE_SIGN_IDENTITY[sdk=iphoneos*]" = "iPhone Developer";
				COPY_PHASE_STRIP = YES;
				GCC_C_LANGUAGE_STANDARD = gnu99;
				GCC_VERSION = com.apple.compilers.llvm.clang.1_0;
				GCC_WARN_ABOUT_RETURN_TYPE = YES;
				GCC_WARN_UNINITIALIZED_AUTOS = YES;
				GCC_WARN_UNUSED_VARIABLE = YES;
				IPHONEOS_DEPLOYMENT_TARGET = 5.1;
				OTHER_CFLAGS = "-DNS_BLOCK_ASSERTIONS=1";
				SDKROOT = iphoneos;
				VALIDATE_PRODUCT = YES;
			};
			name = Release;
		};
		2974F95D156B34D8006BA54E /* Debug */ = {
			isa = XCBuildConfiguration;
			buildSettings = {
				GCC_PRECOMPILE_PREFIX_HEADER = YES;
				GCC_PREFIX_HEADER = "CampusGeo/CampusGeo-Prefix.pch";
				INFOPLIST_FILE = "CampusGeo/CampusGeo-Info.plist";
				PRODUCT_NAME = "$(TARGET_NAME)";
				WRAPPER_EXTENSION = app;
			};
			name = Debug;
		};
		2974F95E156B34D8006BA54E /* Release */ = {
			isa = XCBuildConfiguration;
			buildSettings = {
				GCC_PRECOMPILE_PREFIX_HEADER = YES;
				GCC_PREFIX_HEADER = "CampusGeo/CampusGeo-Prefix.pch";
				INFOPLIST_FILE = "CampusGeo/CampusGeo-Info.plist";
				PRODUCT_NAME = "$(TARGET_NAME)";
				WRAPPER_EXTENSION = app;
			};
			name = Release;
		};
/* End XCBuildConfiguration section */

/* Begin XCConfigurationList section */
		2974F938156B34D8006BA54E /* Build configuration list for PBXProject "CampusGeo" */ = {
			isa = XCConfigurationList;
			buildConfigurations = (
				2974F95A156B34D8006BA54E /* Debug */,
				2974F95B156B34D8006BA54E /* Release */,
			);
			defaultConfigurationIsVisible = 0;
			defaultConfigurationName = Release;
		};
		2974F95C156B34D8006BA54E /* Build configuration list for PBXNativeTarget "CampusGeo" */ = {
			isa = XCConfigurationList;
			buildConfigurations = (
				2974F95D156B34D8006BA54E /* Debug */,
				2974F95E156B34D8006BA54E /* Release */,
			);
			defaultConfigurationIsVisible = 0;
			defaultConfigurationName = Release;
		};
/* End XCConfigurationList section */
	};
	rootObject = 2974F935156B34D8006BA54E /* Project object */;
}
